
Microsoft Visual Studio Solution File, Format Version 12.00
# Visual Studio Version 17
VisualStudioVersion = 17.7.33711.374
MinimumVisualStudioVersion = 10.0.40219.1
Project("{9A19103F-16F7-4668-BE54-9A1E7A4F7556}") = "PowerMauiApp", "PowerMauiApp.csproj", "{2C8680D7-47E4-4E4B-AEC7-9927B9BDA17D}"
EndProject
Global
	GlobalSection(SolutionConfigurationPlatforms) = preSolution
		Debug|Any CPU = Debug|Any CPU
		Release|Any CPU = Release|Any CPU
	EndGlobalSection
	GlobalSection(ProjectConfigurationPlatforms) = postSolution
		{2C8680D7-47E4-4E4B-AEC7-9927B9BDA17D}.Debug|Any CPU.ActiveCfg = Debug|Any CPU
		{2C8680D7-47E4-4E4B-AEC7-9927B9BDA17D}.Debug|Any CPU.Build.0 = Debug|Any CPU
		{2C8680D7-47E4-4E4B-AEC7-9927B9BDA17D}.Debug|Any CPU.Deploy.0 = Debug|Any CPU
		{2C8680D7-47E4-4E4B-AEC7-9927B9BDA17D}.Release|Any CPU.ActiveCfg = Release|Any CPU
		{2C8680D7-47E4-4E4B-AEC7-9927B9BDA17D}.Release|Any CPU.Build.0 = Release|Any CPU
		{2C8680D7-47E4-4E4B-AEC7-9927B9BDA17D}.Release|Any CPU.Deploy.0 = Release|Any CPU
	EndGlobalSection
	GlobalSection(SolutionProperties) = preSolution
		HideSolutionNode = FALSE
	EndGlobalSection
	GlobalSection(ExtensibilityGlobals) = postSolution
		SolutionGuid = {4503130C-E891-4C4C-9E7B-1F74A826BFE0}
	EndGlobalSection
EndGlobal
